
Microsoft Visual Studio Solution File, Format Version 12.00
# Visual Studio Version 16
VisualStudioVersion = 16.0.31424.327
MinimumVisualStudioVersion = 10.0.40219.1
Project("{FAE04EC0-301F-11D3-BF4B-00C04F79EFBC}") = "FirstWebApplication", "FirstWebApplication.csproj", "{F3330F12-F7AA-45F1-8BDA-97D7DA0F1EA8}"
EndProject
Project("{FAE04EC0-301F-11D3-BF4B-00C04F79EFBC}") = "DB", "..\DB\DB.csproj", "{9BD6F900-E58B-42DD-8986-47C0E154B9D4}"
EndProject
Project("{FAE04EC0-301F-11D3-BF4B-00C04F79EFBC}") = "Buisness", "..\Buisness\Buisness.csproj", "{3B9C9B95-FFD3-4BC4-82E5-128D9ED04972}"
EndProject
Global
	GlobalSection(SolutionConfigurationPlatforms) = preSolution
		Debug|Any CPU = Debug|Any CPU
		Release|Any CPU = Release|Any CPU
	EndGlobalSection
	GlobalSection(ProjectConfigurationPlatforms) = postSolution
		{F3330F12-F7AA-45F1-8BDA-97D7DA0F1EA8}.Debug|Any CPU.ActiveCfg = Debug|Any CPU
		{F3330F12-F7AA-45F1-8BDA-97D7DA0F1EA8}.Debug|Any CPU.Build.0 = Debug|Any CPU
		{F3330F12-F7AA-45F1-8BDA-97D7DA0F1EA8}.Release|Any CPU.ActiveCfg = Release|Any CPU
		{F3330F12-F7AA-45F1-8BDA-97D7DA0F1EA8}.Release|Any CPU.Build.0 = Release|Any CPU
		{9BD6F900-E58B-42DD-8986-47C0E154B9D4}.Debug|Any CPU.ActiveCfg = Debug|Any CPU
		{9BD6F900-E58B-42DD-8986-47C0E154B9D4}.Debug|Any CPU.Build.0 = Debug|Any CPU
		{9BD6F900-E58B-42DD-8986-47C0E154B9D4}.Release|Any CPU.ActiveCfg = Release|Any CPU
		{9BD6F900-E58B-42DD-8986-47C0E154B9D4}.Release|Any CPU.Build.0 = Release|Any CPU
		{3B9C9B95-FFD3-4BC4-82E5-128D9ED04972}.Debug|Any CPU.ActiveCfg = Debug|Any CPU
		{3B9C9B95-FFD3-4BC4-82E5-128D9ED04972}.Debug|Any CPU.Build.0 = Debug|Any CPU
		{3B9C9B95-FFD3-4BC4-82E5-128D9ED04972}.Release|Any CPU.ActiveCfg = Release|Any CPU
		{3B9C9B95-FFD3-4BC4-82E5-128D9ED04972}.Release|Any CPU.Build.0 = Release|Any CPU
	EndGlobalSection
	GlobalSection(SolutionProperties) = preSolution
		HideSolutionNode = FALSE
	EndGlobalSection
	GlobalSection(ExtensibilityGlobals) = postSolution
		SolutionGuid = {0C74EE25-8562-4002-AB9D-16AC365DF16C}
	EndGlobalSection
EndGlobal
